
Microsoft Visual Studio Solution File, Format Version 12.00
# Visual Studio Version 17
VisualStudioVersion = 17.9.34723.18
MinimumVisualStudioVersion = 10.0.40219.1
Project("{FAE04EC0-301F-11D3-BF4B-00C04F79EFBC}") = "ComSnooper", "ComSnooper\ComSnooper.csproj", "{24C23D28-C05B-450E-807F-597D0751DBAC}"
EndProject
Global
	GlobalSection(SolutionConfigurationPlatforms) = preSolution
		Debug|Any CPU = Debug|Any CPU
		Release|Any CPU = Release|Any CPU
	EndGlobalSection
	GlobalSection(ProjectConfigurationPlatforms) = postSolution
		{24C23D28-C05B-450E-807F-597D0751DBAC}.Debug|Any CPU.ActiveCfg = Debug|Any CPU
		{24C23D28-C05B-450E-807F-597D0751DBAC}.Debug|Any CPU.Build.0 = Debug|Any CPU
		{24C23D28-C05B-450E-807F-597D0751DBAC}.Release|Any CPU.ActiveCfg = Release|Any CPU
		{24C23D28-C05B-450E-807F-597D0751DBAC}.Release|Any CPU.Build.0 = Release|Any CPU
	EndGlobalSection
	GlobalSection(SolutionProperties) = preSolution
		HideSolutionNode = FALSE
	EndGlobalSection
	GlobalSection(ExtensibilityGlobals) = postSolution
		SolutionGuid = {46E37F8B-23D3-4923-A1D6-10630C5765E8}
	EndGlobalSection
EndGlobal
